{"is_source_file": false, "format": "", "description": "", "external_files": [], "external_methods": [], "published": [], "classes": [], "methods": [], "calls": [], "search-terms": [], "state": 2, "file_id": 9, "knowledge_revision": 23, "git_revision": "0ac3976b0184bd63fafd14738e08e1ca305e3bd0", "hash": "9c4ed7ef73e22b872b8055bec08b8979", "format-version": 4, "code-base-name": "default", "filename": "petcare_planner/post_process_status.lock", "revision_history": [{"23": "0ac3976b0184bd63fafd14738e08e1ca305e3bd0"}]}